
Microsoft Visual Studio Solution File, Format Version 12.00
# Visual Studio 15
VisualStudioVersion = 15.0.28307.136
MinimumVisualStudioVersion = 10.0.40219.1
Project("{FAE04EC0-301F-11D3-BF4B-00C04F79EFBC}") = "Lucene48.Sample", "Lucene48.Sample\Lucene48.Sample.csproj", "{2009DA1A-61BF-491E-BEC0-081ABF11C39D}"
EndProject
Global
	GlobalSection(SolutionConfigurationPlatforms) = preSolution
		Debug|Any CPU = Debug|Any CPU
		Release|Any CPU = Release|Any CPU
	EndGlobalSection
	GlobalSection(ProjectConfigurationPlatforms) = postSolution
		{2009DA1A-61BF-491E-BEC0-081ABF11C39D}.Debug|Any CPU.ActiveCfg = Debug|Any CPU
		{2009DA1A-61BF-491E-BEC0-081ABF11C39D}.Debug|Any CPU.Build.0 = Debug|Any CPU
		{2009DA1A-61BF-491E-BEC0-081ABF11C39D}.Release|Any CPU.ActiveCfg = Release|Any CPU
		{2009DA1A-61BF-491E-BEC0-081ABF11C39D}.Release|Any CPU.Build.0 = Release|Any CPU
	EndGlobalSection
	GlobalSection(SolutionProperties) = preSolution
		HideSolutionNode = FALSE
	EndGlobalSection
	GlobalSection(ExtensibilityGlobals) = postSolution
		SolutionGuid = {808E3CCA-A371-48F3-9372-7B567C88D89A}
	EndGlobalSection
EndGlobal
